
Microsoft Visual Studio Solution File, Format Version 12.00
# Visual Studio Version 17
VisualStudioVersion = 17.8.34511.84
MinimumVisualStudioVersion = 10.0.40219.1
Project("{FAE04EC0-301F-11D3-BF4B-00C04F79EFBC}") = "cc3-1b-villanuevaam-hms", "cc3-1b-villanuevaam-hms.csproj", "{46548636-FB53-4DB2-8554-62997DDA6F0E}"
EndProject
Global
	GlobalSection(SolutionConfigurationPlatforms) = preSolution
		Debug|Any CPU = Debug|Any CPU
		Release|Any CPU = Release|Any CPU
	EndGlobalSection
	GlobalSection(ProjectConfigurationPlatforms) = postSolution
		{46548636-FB53-4DB2-8554-62997DDA6F0E}.Debug|Any CPU.ActiveCfg = Debug|Any CPU
		{46548636-FB53-4DB2-8554-62997DDA6F0E}.Debug|Any CPU.Build.0 = Debug|Any CPU
		{46548636-FB53-4DB2-8554-62997DDA6F0E}.Release|Any CPU.ActiveCfg = Release|Any CPU
		{46548636-FB53-4DB2-8554-62997DDA6F0E}.Release|Any CPU.Build.0 = Release|Any CPU
	EndGlobalSection
	GlobalSection(SolutionProperties) = preSolution
		HideSolutionNode = FALSE
	EndGlobalSection
	GlobalSection(ExtensibilityGlobals) = postSolution
		SolutionGuid = {A5EF406B-5106-4F24-97C8-72F6F43606DA}
	EndGlobalSection
EndGlobal
